
Microsoft Visual Studio Solution File, Format Version 12.00
# Visual Studio Version 17
VisualStudioVersion = 17.6.33829.357
MinimumVisualStudioVersion = 10.0.40219.1
Project("{9A19103F-16F7-4668-BE54-9A1E7A4F7556}") = "ApiTeste.Application", "ApiTeste.Application\ApiTeste.Application.csproj", "{CB3819D4-96D9-4588-809A-ACABA48517AD}"
EndProject
Project("{9A19103F-16F7-4668-BE54-9A1E7A4F7556}") = "ApiTeste.Domain", "ApiTeste.Domain\ApiTeste.Domain.csproj", "{E7AF3E36-309F-487A-B1C0-5A25C09910B5}"
EndProject
Project("{9A19103F-16F7-4668-BE54-9A1E7A4F7556}") = "ApiTeste.Persistence", "ApiTeste.Persistence\ApiTeste.Persistence.csproj", "{A2D7FBB7-0B6B-48B4-B776-DE855F10ED30}"
EndProject
Project("{9A19103F-16F7-4668-BE54-9A1E7A4F7556}") = "ApiTeste.API", "ApiTeste.API\ApiTeste.API.csproj", "{009AE1B2-168A-439F-B140-8218980B3F7C}"
EndProject
Project("{FAE04EC0-301F-11D3-BF4B-00C04F79EFBC}") = "WebApplication1", "WebApplication1\WebApplication1.csproj", "{2DE8F9FA-DF6E-4F72-B7FC-661CBDA1C399}"
EndProject
Global
	GlobalSection(SolutionConfigurationPlatforms) = preSolution
		Debug|Any CPU = Debug|Any CPU
		Release|Any CPU = Release|Any CPU
	EndGlobalSection
	GlobalSection(ProjectConfigurationPlatforms) = postSolution
		{CB3819D4-96D9-4588-809A-ACABA48517AD}.Debug|Any CPU.ActiveCfg = Debug|Any CPU
		{CB3819D4-96D9-4588-809A-ACABA48517AD}.Debug|Any CPU.Build.0 = Debug|Any CPU
		{CB3819D4-96D9-4588-809A-ACABA48517AD}.Release|Any CPU.ActiveCfg = Release|Any CPU
		{CB3819D4-96D9-4588-809A-ACABA48517AD}.Release|Any CPU.Build.0 = Release|Any CPU
		{E7AF3E36-309F-487A-B1C0-5A25C09910B5}.Debug|Any CPU.ActiveCfg = Debug|Any CPU
		{E7AF3E36-309F-487A-B1C0-5A25C09910B5}.Debug|Any CPU.Build.0 = Debug|Any CPU
		{E7AF3E36-309F-487A-B1C0-5A25C09910B5}.Release|Any CPU.ActiveCfg = Release|Any CPU
		{E7AF3E36-309F-487A-B1C0-5A25C09910B5}.Release|Any CPU.Build.0 = Release|Any CPU
		{A2D7FBB7-0B6B-48B4-B776-DE855F10ED30}.Debug|Any CPU.ActiveCfg = Debug|Any CPU
		{A2D7FBB7-0B6B-48B4-B776-DE855F10ED30}.Debug|Any CPU.Build.0 = Debug|Any CPU
		{A2D7FBB7-0B6B-48B4-B776-DE855F10ED30}.Release|Any CPU.ActiveCfg = Release|Any CPU
		{A2D7FBB7-0B6B-48B4-B776-DE855F10ED30}.Release|Any CPU.Build.0 = Release|Any CPU
		{009AE1B2-168A-439F-B140-8218980B3F7C}.Debug|Any CPU.ActiveCfg = Debug|Any CPU
		{009AE1B2-168A-439F-B140-8218980B3F7C}.Debug|Any CPU.Build.0 = Debug|Any CPU
		{009AE1B2-168A-439F-B140-8218980B3F7C}.Release|Any CPU.ActiveCfg = Release|Any CPU
		{009AE1B2-168A-439F-B140-8218980B3F7C}.Release|Any CPU.Build.0 = Release|Any CPU
		{2DE8F9FA-DF6E-4F72-B7FC-661CBDA1C399}.Debug|Any CPU.ActiveCfg = Debug|Any CPU
		{2DE8F9FA-DF6E-4F72-B7FC-661CBDA1C399}.Debug|Any CPU.Build.0 = Debug|Any CPU
		{2DE8F9FA-DF6E-4F72-B7FC-661CBDA1C399}.Release|Any CPU.ActiveCfg = Release|Any CPU
		{2DE8F9FA-DF6E-4F72-B7FC-661CBDA1C399}.Release|Any CPU.Build.0 = Release|Any CPU
	EndGlobalSection
	GlobalSection(SolutionProperties) = preSolution
		HideSolutionNode = FALSE
	EndGlobalSection
	GlobalSection(ExtensibilityGlobals) = postSolution
		SolutionGuid = {14F04286-6C9C-49CA-BC15-FFDB99DDF753}
	EndGlobalSection
EndGlobal
